
Microsoft Visual Studio Solution File, Format Version 12.00
# Visual Studio 2013
VisualStudioVersion = 12.0.30723.0
MinimumVisualStudioVersion = 10.0.40219.1
Project("{FAE04EC0-301F-11D3-BF4B-00C04F79EFBC}") = "LinqCube", "LinqCube\LinqCube.csproj", "{EC97DECA-69FA-4903-8C5D-798ADBD84D98}"
EndProject
Project("{FAE04EC0-301F-11D3-BF4B-00C04F79EFBC}") = "LinqCube.Example", "LinqCube.Example\LinqCube.Example.csproj", "{3A3B74C1-5897-4901-ACDD-2C4C2B0B2ACC}"
EndProject
Project("{2150E333-8FDC-42A3-9474-1A3956D46DE8}") = ".nuget", ".nuget", "{E3EB6474-A02B-418D-9BFF-AFF306FD1368}"
	ProjectSection(SolutionItems) = preProject
		.nuget\nuget.exe = .nuget\nuget.exe
	EndProjectSection
EndProject
Global
	GlobalSection(SolutionConfigurationPlatforms) = preSolution
		Debug|Any CPU = Debug|Any CPU
		Release|Any CPU = Release|Any CPU
	EndGlobalSection
	GlobalSection(ProjectConfigurationPlatforms) = postSolution
		{EC97DECA-69FA-4903-8C5D-798ADBD84D98}.Debug|Any CPU.ActiveCfg = Debug|Any CPU
		{EC97DECA-69FA-4903-8C5D-798ADBD84D98}.Debug|Any CPU.Build.0 = Debug|Any CPU
		{EC97DECA-69FA-4903-8C5D-798ADBD84D98}.Release|Any CPU.ActiveCfg = Release|Any CPU
		{EC97DECA-69FA-4903-8C5D-798ADBD84D98}.Release|Any CPU.Build.0 = Release|Any CPU
		{3A3B74C1-5897-4901-ACDD-2C4C2B0B2ACC}.Debug|Any CPU.ActiveCfg = Debug|Any CPU
		{3A3B74C1-5897-4901-ACDD-2C4C2B0B2ACC}.Debug|Any CPU.Build.0 = Debug|Any CPU
		{3A3B74C1-5897-4901-ACDD-2C4C2B0B2ACC}.Release|Any CPU.ActiveCfg = Release|Any CPU
		{3A3B74C1-5897-4901-ACDD-2C4C2B0B2ACC}.Release|Any CPU.Build.0 = Release|Any CPU
	EndGlobalSection
	GlobalSection(SolutionProperties) = preSolution
		HideSolutionNode = FALSE
	EndGlobalSection
EndGlobal
